
Microsoft Visual Studio Solution File, Format Version 12.00
# Visual Studio Version 17
VisualStudioVersion = 17.7.34302.85
MinimumVisualStudioVersion = 10.0.40219.1
Project("{FAE04EC0-301F-11D3-BF4B-00C04F79EFBC}") = "Chat", "Chat\Chat.csproj", "{BD99ED0F-4B59-4DD8-9F0E-A850AC258F92}"
EndProject
Global
	GlobalSection(SolutionConfigurationPlatforms) = preSolution
		Debug|Any CPU = Debug|Any CPU
		Release|Any CPU = Release|Any CPU
	EndGlobalSection
	GlobalSection(ProjectConfigurationPlatforms) = postSolution
		{BD99ED0F-4B59-4DD8-9F0E-A850AC258F92}.Debug|Any CPU.ActiveCfg = Debug|Any CPU
		{BD99ED0F-4B59-4DD8-9F0E-A850AC258F92}.Debug|Any CPU.Build.0 = Debug|Any CPU
		{BD99ED0F-4B59-4DD8-9F0E-A850AC258F92}.Release|Any CPU.ActiveCfg = Release|Any CPU
		{BD99ED0F-4B59-4DD8-9F0E-A850AC258F92}.Release|Any CPU.Build.0 = Release|Any CPU
	EndGlobalSection
	GlobalSection(SolutionProperties) = preSolution
		HideSolutionNode = FALSE
	EndGlobalSection
	GlobalSection(ExtensibilityGlobals) = postSolution
		SolutionGuid = {28CDB00E-024D-4876-A16C-B80DED2B53D6}
	EndGlobalSection
EndGlobal
